
Microsoft Visual Studio Solution File, Format Version 12.00
# Visual Studio Version 17
VisualStudioVersion = 17.8.34309.116
MinimumVisualStudioVersion = 10.0.40219.1
Project("{9A19103F-16F7-4668-BE54-9A1E7A4F7556}") = "Rance App", "Rance Connect\Rance App.csproj", "{B0F6C705-C085-4530-A410-9F4FA24E0D15}"
EndProject
Project("{9A19103F-16F7-4668-BE54-9A1E7A4F7556}") = "RanceConnect", "..\common\RanceConnect.csproj", "{1712F5C6-8C30-4411-A203-840F672903FD}"
EndProject
Project("{FAE04EC0-301F-11D3-BF4B-00C04F79EFBC}") = "Rance App_TestObjects", "Rance App_TestObjects\Rance App_TestObjects.csproj", "{1D178B74-BE7C-4E53-971D-6647EF93BCC6}"
EndProject
Global
	GlobalSection(SolutionConfigurationPlatforms) = preSolution
		Debug|Any CPU = Debug|Any CPU
		Release|Any CPU = Release|Any CPU
	EndGlobalSection
	GlobalSection(ProjectConfigurationPlatforms) = postSolution
		{B0F6C705-C085-4530-A410-9F4FA24E0D15}.Debug|Any CPU.ActiveCfg = Debug|Any CPU
		{B0F6C705-C085-4530-A410-9F4FA24E0D15}.Debug|Any CPU.Build.0 = Debug|Any CPU
		{B0F6C705-C085-4530-A410-9F4FA24E0D15}.Release|Any CPU.ActiveCfg = Release|Any CPU
		{B0F6C705-C085-4530-A410-9F4FA24E0D15}.Release|Any CPU.Build.0 = Release|Any CPU
		{1712F5C6-8C30-4411-A203-840F672903FD}.Debug|Any CPU.ActiveCfg = Debug|Any CPU
		{1712F5C6-8C30-4411-A203-840F672903FD}.Debug|Any CPU.Build.0 = Debug|Any CPU
		{1712F5C6-8C30-4411-A203-840F672903FD}.Release|Any CPU.ActiveCfg = Release|Any CPU
		{1712F5C6-8C30-4411-A203-840F672903FD}.Release|Any CPU.Build.0 = Release|Any CPU
		{1D178B74-BE7C-4E53-971D-6647EF93BCC6}.Debug|Any CPU.ActiveCfg = Debug|Any CPU
		{1D178B74-BE7C-4E53-971D-6647EF93BCC6}.Debug|Any CPU.Build.0 = Debug|Any CPU
		{1D178B74-BE7C-4E53-971D-6647EF93BCC6}.Release|Any CPU.ActiveCfg = Release|Any CPU
		{1D178B74-BE7C-4E53-971D-6647EF93BCC6}.Release|Any CPU.Build.0 = Release|Any CPU
	EndGlobalSection
	GlobalSection(SolutionProperties) = preSolution
		HideSolutionNode = FALSE
	EndGlobalSection
	GlobalSection(ExtensibilityGlobals) = postSolution
		SolutionGuid = {B1CE31EF-102D-4281-BB9F-C70A7E1B4522}
	EndGlobalSection
EndGlobal
